// !$*UTF8*$!
{
	archiveVersion = 1;
	classes = {
	};
	objectVersion = 46;
	objects = {

/* Begin PBXBuildFile section */
		324420E31B8679990017FD81 /* GLUT.framework in Frameworks */ = {isa = PBXBuildFile; fileRef = 324420E21B8679990017FD81 /* GLUT.framework */; };
		324420E51B86799F0017FD81 /* OpenGL.framework in Frameworks */ = {isa = PBXBuildFile; fileRef = 324420E41B86799F0017FD81 /* OpenGL.framework */; };
		324420F21B8679E10017FD81 /* main.cpp in Sources */ = {isa = PBXBuildFile; fileRef = 324420E61B8679E10017FD81 /* main.cpp */; };
		324420F31B8679E10017FD81 /* ZFighter.cpp in Sources */ = {isa = PBXBuildFile; fileRef = 324420E71B8679E10017FD81 /* ZFighter.cpp */; };
		324420F41B8679E10017FD81 /* Vertex.cpp in Sources */ = {isa = PBXBuildFile; fileRef = 324420EB1B8679E10017FD81 /* Vertex.cpp */; };
		324420F51B8679E10017FD81 /* Face.cpp in Sources */ = {isa = PBXBuildFile; fileRef = 324420EC1B8679E10017FD81 /* Face.cpp */; };
		324420F61B8679E10017FD81 /* Mesh.cpp in Sources */ = {isa = PBXBuildFile; fileRef = 324420EE1B8679E10017FD81 /* Mesh.cpp */; };
		324420F71B8679E10017FD81 /* MeshIO.cpp in Sources */ = {isa = PBXBuildFile; fileRef = 324420F01B8679E10017FD81 /* MeshIO.cpp */; };
/* End PBXBuildFile section */

/* Begin PBXCopyFilesBuildPhase section */
		324420D61B8679850017FD81 /* CopyFiles */ = {
			isa = PBXCopyFilesBuildPhase;
			buildActionMask = 2147483647;
			dstPath = /usr/share/man/man1/;
			dstSubfolderSpec = 0;
			files = (
			);
			runOnlyForDeploymentPostprocessing = 1;
		};
/* End PBXCopyFilesBuildPhase section */

/* Begin PBXFileReference section */
		324420D81B8679850017FD81 /* bvh */ = {isa = PBXFileReference; explicitFileType = "compiled.mach-o.executable"; includeInIndex = 0; path = bvh; sourceTree = BUILT_PRODUCTS_DIR; };
		324420E21B8679990017FD81 /* GLUT.framework */ = {isa = PBXFileReference; lastKnownFileType = wrapper.framework; name = GLUT.framework; path = System/Library/Frameworks/GLUT.framework; sourceTree = SDKROOT; };
		324420E41B86799F0017FD81 /* OpenGL.framework */ = {isa = PBXFileReference; lastKnownFileType = wrapper.framework; name = OpenGL.framework; path = System/Library/Frameworks/OpenGL.framework; sourceTree = SDKROOT; };
		324420E61B8679E10017FD81 /* main.cpp */ = {isa = PBXFileReference; fileEncoding = 4; lastKnownFileType = sourcecode.cpp.cpp; name = main.cpp; path = ../main.cpp; sourceTree = "<group>"; };
		324420E71B8679E10017FD81 /* ZFighter.cpp */ = {isa = PBXFileReference; fileEncoding = 4; lastKnownFileType = sourcecode.cpp.cpp; name = ZFighter.cpp; path = ../ZFighter.cpp; sourceTree = "<group>"; };
		324420E81B8679E10017FD81 /* ZFighter.h */ = {isa = PBXFileReference; fileEncoding = 4; lastKnownFileType = sourcecode.c.h; name = ZFighter.h; path = ../ZFighter.h; sourceTree = "<group>"; };
		324420E91B8679E10017FD81 /* Types.h */ = {isa = PBXFileReference; fileEncoding = 4; lastKnownFileType = sourcecode.c.h; name = Types.h; path = ../Types.h; sourceTree = "<group>"; };
		324420EA1B8679E10017FD81 /* Vertex.h */ = {isa = PBXFileReference; fileEncoding = 4; lastKnownFileType = sourcecode.c.h; name = Vertex.h; path = ../Vertex.h; sourceTree = "<group>"; };
		324420EB1B8679E10017FD81 /* Vertex.cpp */ = {isa = PBXFileReference; fileEncoding = 4; lastKnownFileType = sourcecode.cpp.cpp; name = Vertex.cpp; path = ../Vertex.cpp; sourceTree = "<group>"; };
		324420EC1B8679E10017FD81 /* Face.cpp */ = {isa = PBXFileReference; fileEncoding = 4; lastKnownFileType = sourcecode.cpp.cpp; name = Face.cpp; path = ../Face.cpp; sourceTree = "<group>"; };
		324420ED1B8679E10017FD81 /* Face.h */ = {isa = PBXFileReference; fileEncoding = 4; lastKnownFileType = sourcecode.c.h; name = Face.h; path = ../Face.h; sourceTree = "<group>"; };
		324420EE1B8679E10017FD81 /* Mesh.cpp */ = {isa = PBXFileReference; fileEncoding = 4; lastKnownFileType = sourcecode.cpp.cpp; name = Mesh.cpp; path = ../Mesh.cpp; sourceTree = "<group>"; };
		324420EF1B8679E10017FD81 /* Mesh.h */ = {isa = PBXFileReference; fileEncoding = 4; lastKnownFileType = sourcecode.c.h; name = Mesh.h; path = ../Mesh.h; sourceTree = "<group>"; };
		324420F01B8679E10017FD81 /* MeshIO.cpp */ = {isa = PBXFileReference; fileEncoding = 4; lastKnownFileType = sourcecode.cpp.cpp; name = MeshIO.cpp; path = ../MeshIO.cpp; sourceTree = "<group>"; };
		324420F11B8679E10017FD81 /* MeshIO.h */ = {isa = PBXFileReference; fileEncoding = 4; lastKnownFileType = sourcecode.c.h; name = MeshIO.h; path = ../MeshIO.h; sourceTree = "<group>"; };
/* End PBXFileReference section */

/* Begin PBXFrameworksBuildPhase section */
		324420D51B8679850017FD81 /* Frameworks */ = {
			isa = PBXFrameworksBuildPhase;
			buildActionMask = 2147483647;
			files = (
				324420E51B86799F0017FD81 /* OpenGL.framework in Frameworks */,
				324420E31B8679990017FD81 /* GLUT.framework in Frameworks */,
			);
			runOnlyForDeploymentPostprocessing = 0;
		};
/* End PBXFrameworksBuildPhase section */

/* Begin PBXGroup section */
		324420CF1B8679850017FD81 = {
			isa = PBXGroup;
			children = (
				324420E41B86799F0017FD81 /* OpenGL.framework */,
				324420E21B8679990017FD81 /* GLUT.framework */,
				324420DA1B8679850017FD81 /* bvh */,
				324420D91B8679850017FD81 /* Products */,
			);
			sourceTree = "<group>";
		};
		324420D91B8679850017FD81 /* Products */ = {
			isa = PBXGroup;
			children = (
				324420D81B8679850017FD81 /* bvh */,
			);
			name = Products;
			sourceTree = "<group>";
		};
		324420DA1B8679850017FD81 /* bvh */ = {
			isa = PBXGroup;
			children = (
				324420E61B8679E10017FD81 /* main.cpp */,
				324420E71B8679E10017FD81 /* ZFighter.cpp */,
				324420E81B8679E10017FD81 /* ZFighter.h */,
				324420E91B8679E10017FD81 /* Types.h */,
				324420EA1B8679E10017FD81 /* Vertex.h */,
				324420EB1B8679E10017FD81 /* Vertex.cpp */,
				324420EC1B8679E10017FD81 /* Face.cpp */,
				324420ED1B8679E10017FD81 /* Face.h */,
				324420EE1B8679E10017FD81 /* Mesh.cpp */,
				324420EF1B8679E10017FD81 /* Mesh.h */,
				324420F01B8679E10017FD81 /* MeshIO.cpp */,
				324420F11B8679E10017FD81 /* MeshIO.h */,
			);
			path = bvh;
			sourceTree = "<group>";
		};
/* End PBXGroup section */

/* Begin PBXNativeTarget section */
		324420D71B8679850017FD81 /* bvh */ = {
			isa = PBXNativeTarget;
			buildConfigurationList = 324420DF1B8679850017FD81 /* Build configuration list for PBXNativeTarget "bvh" */;
			buildPhases = (
				324420D41B8679850017FD81 /* Sources */,
				324420D51B8679850017FD81 /* Frameworks */,
				324420D61B8679850017FD81 /* CopyFiles */,
			);
			buildRules = (
			);
			dependencies = (
			);
			name = bvh;
			productName = bvh;
			productReference = 324420D81B8679850017FD81 /* bvh */;
			productType = "com.apple.product-type.tool";
		};
/* End PBXNativeTarget section */

/* Begin PBXProject section */
		324420D01B8679850017FD81 /* Project object */ = {
			isa = PBXProject;
			attributes = {
				LastUpgradeCheck = 0640;
				ORGANIZATIONNAME = "Rohan Sawhney";
				TargetAttributes = {
					324420D71B8679850017FD81 = {
						CreatedOnToolsVersion = 6.4;
					};
				};
			};
			buildConfigurationList = 324420D31B8679850017FD81 /* Build configuration list for PBXProject "bvh" */;
			compatibilityVersion = "Xcode 3.2";
			developmentRegion = English;
			hasScannedForEncodings = 0;
			knownRegions = (
				en,
			);
			mainGroup = 324420CF1B8679850017FD81;
			productRefGroup = 324420D91B8679850017FD81 /* Products */;
			projectDirPath = "";
			projectRoot = "";
			targets = (
				324420D71B8679850017FD81 /* bvh */,
			);
		};
/* End PBXProject section */

/* Begin PBXSourcesBuildPhase section */
		324420D41B8679850017FD81 /* Sources */ = {
			isa = PBXSourcesBuildPhase;
			buildActionMask = 2147483647;
			files = (
				324420F51B8679E10017FD81 /* Face.cpp in Sources */,
				324420F41B8679E10017FD81 /* Vertex.cpp in Sources */,
				324420F31B8679E10017FD81 /* ZFighter.cpp in Sources */,
				324420F21B8679E10017FD81 /* main.cpp in Sources */,
				324420F71B8679E10017FD81 /* MeshIO.cpp in Sources */,
				324420F61B8679E10017FD81 /* Mesh.cpp in Sources */,
			);
			runOnlyForDeploymentPostprocessing = 0;
		};
/* End PBXSourcesBuildPhase section */

/* Begin XCBuildConfiguration section */
		324420DD1B8679850017FD81 /* Debug */ = {
			isa = XCBuildConfiguration;
			buildSettings = {
				ALWAYS_SEARCH_USER_PATHS = NO;
				CLANG_CXX_LANGUAGE_STANDARD = "gnu++0x";
				CLANG_CXX_LIBRARY = "libc++";
				CLANG_ENABLE_MODULES = YES;
				CLANG_ENABLE_OBJC_ARC = YES;
				CLANG_WARN_BOOL_CONVERSION = YES;
				CLANG_WARN_CONSTANT_CONVERSION = YES;
				CLANG_WARN_DIRECT_OBJC_ISA_USAGE = YES_ERROR;
				CLANG_WARN_EMPTY_BODY = YES;
				CLANG_WARN_ENUM_CONVERSION = YES;
				CLANG_WARN_INT_CONVERSION = YES;
				CLANG_WARN_OBJC_ROOT_CLASS = YES_ERROR;
				CLANG_WARN_UNREACHABLE_CODE = YES;
				CLANG_WARN__DUPLICATE_METHOD_MATCH = YES;
				COPY_PHASE_STRIP = NO;
				DEBUG_INFORMATION_FORMAT = dwarf;
				ENABLE_STRICT_OBJC_MSGSEND = YES;
				GCC_C_LANGUAGE_STANDARD = gnu99;
				GCC_DYNAMIC_NO_PIC = NO;
				GCC_NO_COMMON_BLOCKS = YES;
				GCC_OPTIMIZATION_LEVEL = 0;
				GCC_PREPROCESSOR_DEFINITIONS = (
					"DEBUG=1",
					"$(inherited)",
				);
				GCC_SYMBOLS_PRIVATE_EXTERN = NO;
				GCC_WARN_64_TO_32_BIT_CONVERSION = YES;
				GCC_WARN_ABOUT_RETURN_TYPE = YES_ERROR;
				GCC_WARN_UNDECLARED_SELECTOR = YES;
				GCC_WARN_UNINITIALIZED_AUTOS = YES_AGGRESSIVE;
				GCC_WARN_UNUSED_FUNCTION = YES;
				GCC_WARN_UNUSED_VARIABLE = YES;
				MACOSX_DEPLOYMENT_TARGET = 10.10;
				MTL_ENABLE_DEBUG_INFO = YES;
				ONLY_ACTIVE_ARCH = YES;
				SDKROOT = macosx;
			};
			name = Debug;
		};
		324420DE1B8679850017FD81 /* Release */ = {
			isa = XCBuildConfiguration;
			buildSettings = {
				ALWAYS_SEARCH_USER_PATHS = NO;
				CLANG_CXX_LANGUAGE_STANDARD = "gnu++0x";
				CLANG_CXX_LIBRARY = "libc++";
				CLANG_ENABLE_MODULES = YES;
				CLANG_ENABLE_OBJC_ARC = YES;
				CLANG_WARN_BOOL_CONVERSION = YES;
				CLANG_WARN_CONSTANT_CONVERSION = YES;
				CLANG_WARN_DIRECT_OBJC_ISA_USAGE = YES_ERROR;
				CLANG_WARN_EMPTY_BODY = YES;
				CLANG_WARN_ENUM_CONVERSION = YES;
				CLANG_WARN_INT_CONVERSION = YES;
				CLANG_WARN_OBJC_ROOT_CLASS = YES_ERROR;
				CLANG_WARN_UNREACHABLE_CODE = YES;
				CLANG_WARN__DUPLICATE_METHOD_MATCH = YES;
				COPY_PHASE_STRIP = NO;
				DEBUG_INFORMATION_FORMAT = "dwarf-with-dsym";
				ENABLE_NS_ASSERTIONS = NO;
				ENABLE_STRICT_OBJC_MSGSEND = YES;
				GCC_C_LANGUAGE_STANDARD = gnu99;
				GCC_NO_COMMON_BLOCKS = YES;
				GCC_WARN_64_TO_32_BIT_CONVERSION = YES;
				GCC_WARN_ABOUT_RETURN_TYPE = YES_ERROR;
				GCC_WARN_UNDECLARED_SELECTOR = YES;
				GCC_WARN_UNINITIALIZED_AUTOS = YES_AGGRESSIVE;
				GCC_WARN_UNUSED_FUNCTION = YES;
				GCC_WARN_UNUSED_VARIABLE = YES;
				MACOSX_DEPLOYMENT_TARGET = 10.10;
				MTL_ENABLE_DEBUG_INFO = NO;
				SDKROOT = macosx;
			};
			name = Release;
		};
		324420E01B8679850017FD81 /* Debug */ = {
			isa = XCBuildConfiguration;
			buildSettings = {
				HEADER_SEARCH_PATHS = (
					"$(inherited)",
					/Applications/Xcode.app/Contents/Developer/Toolchains/XcodeDefault.xctoolchain/usr/include,
					/usr/local/Cellar/eigen/3.2.4/include/eigen3,
				);
				PRODUCT_NAME = "$(TARGET_NAME)";
			};
			name = Debug;
		};
		324420E11B8679850017FD81 /* Release */ = {
			isa = XCBuildConfiguration;
			buildSettings = {
				HEADER_SEARCH_PATHS = (
					"$(inherited)",
					/Applications/Xcode.app/Contents/Developer/Toolchains/XcodeDefault.xctoolchain/usr/include,
					/usr/local/Cellar/eigen/3.2.4/include/eigen3,
				);
				PRODUCT_NAME = "$(TARGET_NAME)";
			};
			name = Release;
		};
/* End XCBuildConfiguration section */

/* Begin XCConfigurationList section */
		324420D31B8679850017FD81 /* Build configuration list for PBXProject "bvh" */ = {
			isa = XCConfigurationList;
			buildConfigurations = (
				324420DD1B8679850017FD81 /* Debug */,
				324420DE1B8679850017FD81 /* Release */,
			);
			defaultConfigurationIsVisible = 0;
			defaultConfigurationName = Release;
		};
		324420DF1B8679850017FD81 /* Build configuration list for PBXNativeTarget "bvh" */ = {
			isa = XCConfigurationList;
			buildConfigurations = (
				324420E01B8679850017FD81 /* Debug */,
				324420E11B8679850017FD81 /* Release */,
			);
			defaultConfigurationIsVisible = 0;
		};
/* End XCConfigurationList section */
	};
	rootObject = 324420D01B8679850017FD81 /* Project object */;
}
