// !$*UTF8*$!
{
	archiveVersion = 1;
	classes = {
	};
	objectVersion = 46;
	objects = {

/* Begin PBXBuildFile section */
		324420E31B8679990017FD81 /* GLUT.framework in Frameworks */ = {isa = PBXBuildFile; fileRef = 324420E21B8679990017FD81 /* GLUT.framework */; };
		324420E51B86799F0017FD81 /* OpenGL.framework in Frameworks */ = {isa = PBXBuildFile; fileRef = 324420E41B86799F0017FD81 /* OpenGL.framework */; };
		324420FA1B8683590017FD81 /* BoundingBox.cpp in Sources */ = {isa = PBXBuildFile; fileRef = 324420F81B8683590017FD81 /* BoundingBox.cpp */; };
		324420FD1B8695120017FD81 /* Bvh.cpp in Sources */ = {isa = PBXBuildFile; fileRef = 324420FB1B8695120017FD81 /* Bvh.cpp */; };
		32745A0A1B876D2F00DBFD27 /* Face.cpp in Sources */ = {isa = PBXBuildFile; fileRef = 32745A031B876D2F00DBFD27 /* Face.cpp */; };
		32745A0B1B876D2F00DBFD27 /* main.cpp in Sources */ = {isa = PBXBuildFile; fileRef = 32745A051B876D2F00DBFD27 /* main.cpp */; };
		32745A0C1B876D2F00DBFD27 /* Mesh.cpp in Sources */ = {isa = PBXBuildFile; fileRef = 32745A061B876D2F00DBFD27 /* Mesh.cpp */; };
		32745A0D1B876D2F00DBFD27 /* MeshIO.cpp in Sources */ = {isa = PBXBuildFile; fileRef = 32745A081B876D2F00DBFD27 /* MeshIO.cpp */; };
		32745A131B876D3700DBFD27 /* Vertex.cpp in Sources */ = {isa = PBXBuildFile; fileRef = 32745A0F1B876D3700DBFD27 /* Vertex.cpp */; };
		32745A141B876D3700DBFD27 /* ZFighter.cpp in Sources */ = {isa = PBXBuildFile; fileRef = 32745A111B876D3700DBFD27 /* ZFighter.cpp */; };
/* End PBXBuildFile section */

/* Begin PBXCopyFilesBuildPhase section */
		324420D61B8679850017FD81 /* CopyFiles */ = {
			isa = PBXCopyFilesBuildPhase;
			buildActionMask = 2147483647;
			dstPath = /usr/share/man/man1/;
			dstSubfolderSpec = 0;
			files = (
			);
			runOnlyForDeploymentPostprocessing = 1;
		};
/* End PBXCopyFilesBuildPhase section */

/* Begin PBXFileReference section */
		324420D81B8679850017FD81 /* bvh */ = {isa = PBXFileReference; explicitFileType = "compiled.mach-o.executable"; includeInIndex = 0; path = bvh; sourceTree = BUILT_PRODUCTS_DIR; };
		324420E21B8679990017FD81 /* GLUT.framework */ = {isa = PBXFileReference; lastKnownFileType = wrapper.framework; name = GLUT.framework; path = System/Library/Frameworks/GLUT.framework; sourceTree = SDKROOT; };
		324420E41B86799F0017FD81 /* OpenGL.framework */ = {isa = PBXFileReference; lastKnownFileType = wrapper.framework; name = OpenGL.framework; path = System/Library/Frameworks/OpenGL.framework; sourceTree = SDKROOT; };
		324420F81B8683590017FD81 /* BoundingBox.cpp */ = {isa = PBXFileReference; fileEncoding = 4; lastKnownFileType = sourcecode.cpp.cpp; path = BoundingBox.cpp; sourceTree = SOURCE_ROOT; };
		324420F91B8683590017FD81 /* BoundingBox.h */ = {isa = PBXFileReference; fileEncoding = 4; lastKnownFileType = sourcecode.c.h; path = BoundingBox.h; sourceTree = SOURCE_ROOT; };
		324420FB1B8695120017FD81 /* Bvh.cpp */ = {isa = PBXFileReference; fileEncoding = 4; lastKnownFileType = sourcecode.cpp.cpp; path = Bvh.cpp; sourceTree = SOURCE_ROOT; };
		324420FC1B8695120017FD81 /* Bvh.h */ = {isa = PBXFileReference; fileEncoding = 4; lastKnownFileType = sourcecode.c.h; path = Bvh.h; sourceTree = SOURCE_ROOT; };
		32745A031B876D2F00DBFD27 /* Face.cpp */ = {isa = PBXFileReference; fileEncoding = 4; lastKnownFileType = sourcecode.cpp.cpp; path = Face.cpp; sourceTree = "<group>"; };
		32745A041B876D2F00DBFD27 /* Face.h */ = {isa = PBXFileReference; fileEncoding = 4; lastKnownFileType = sourcecode.c.h; path = Face.h; sourceTree = "<group>"; };
		32745A051B876D2F00DBFD27 /* main.cpp */ = {isa = PBXFileReference; fileEncoding = 4; lastKnownFileType = sourcecode.cpp.cpp; path = main.cpp; sourceTree = "<group>"; };
		32745A061B876D2F00DBFD27 /* Mesh.cpp */ = {isa = PBXFileReference; fileEncoding = 4; lastKnownFileType = sourcecode.cpp.cpp; path = Mesh.cpp; sourceTree = "<group>"; };
		32745A071B876D2F00DBFD27 /* Mesh.h */ = {isa = PBXFileReference; fileEncoding = 4; lastKnownFileType = sourcecode.c.h; path = Mesh.h; sourceTree = "<group>"; };
		32745A081B876D2F00DBFD27 /* MeshIO.cpp */ = {isa = PBXFileReference; fileEncoding = 4; lastKnownFileType = sourcecode.cpp.cpp; path = MeshIO.cpp; sourceTree = "<group>"; };
		32745A091B876D2F00DBFD27 /* MeshIO.h */ = {isa = PBXFileReference; fileEncoding = 4; lastKnownFileType = sourcecode.c.h; path = MeshIO.h; sourceTree = "<group>"; };
		32745A0E1B876D3700DBFD27 /* Types.h */ = {isa = PBXFileReference; fileEncoding = 4; lastKnownFileType = sourcecode.c.h; path = Types.h; sourceTree = "<group>"; };
		32745A0F1B876D3700DBFD27 /* Vertex.cpp */ = {isa = PBXFileReference; fileEncoding = 4; lastKnownFileType = sourcecode.cpp.cpp; path = Vertex.cpp; sourceTree = "<group>"; };
		32745A101B876D3700DBFD27 /* Vertex.h */ = {isa = PBXFileReference; fileEncoding = 4; lastKnownFileType = sourcecode.c.h; path = Vertex.h; sourceTree = "<group>"; };
		32745A111B876D3700DBFD27 /* ZFighter.cpp */ = {isa = PBXFileReference; fileEncoding = 4; lastKnownFileType = sourcecode.cpp.cpp; path = ZFighter.cpp; sourceTree = "<group>"; };
		32745A121B876D3700DBFD27 /* ZFighter.h */ = {isa = PBXFileReference; fileEncoding = 4; lastKnownFileType = sourcecode.c.h; path = ZFighter.h; sourceTree = "<group>"; };
/* End PBXFileReference section */

/* Begin PBXFrameworksBuildPhase section */
		324420D51B8679850017FD81 /* Frameworks */ = {
			isa = PBXFrameworksBuildPhase;
			buildActionMask = 2147483647;
			files = (
				324420E51B86799F0017FD81 /* OpenGL.framework in Frameworks */,
				324420E31B8679990017FD81 /* GLUT.framework in Frameworks */,
			);
			runOnlyForDeploymentPostprocessing = 0;
		};
/* End PBXFrameworksBuildPhase section */

/* Begin PBXGroup section */
		324420CF1B8679850017FD81 = {
			isa = PBXGroup;
			children = (
				324420E41B86799F0017FD81 /* OpenGL.framework */,
				324420E21B8679990017FD81 /* GLUT.framework */,
				32745A151B876D6900DBFD27 /* bvh */,
				324420D91B8679850017FD81 /* Products */,
			);
			sourceTree = "<group>";
		};
		324420D91B8679850017FD81 /* Products */ = {
			isa = PBXGroup;
			children = (
				324420D81B8679850017FD81 /* bvh */,
			);
			name = Products;
			sourceTree = "<group>";
		};
		32745A151B876D6900DBFD27 /* bvh */ = {
			isa = PBXGroup;
			children = (
				32745A051B876D2F00DBFD27 /* main.cpp */,
				32745A0E1B876D3700DBFD27 /* Types.h */,
				32745A0F1B876D3700DBFD27 /* Vertex.cpp */,
				32745A101B876D3700DBFD27 /* Vertex.h */,
				32745A111B876D3700DBFD27 /* ZFighter.cpp */,
				32745A121B876D3700DBFD27 /* ZFighter.h */,
				32745A031B876D2F00DBFD27 /* Face.cpp */,
				32745A041B876D2F00DBFD27 /* Face.h */,
				32745A061B876D2F00DBFD27 /* Mesh.cpp */,
				32745A071B876D2F00DBFD27 /* Mesh.h */,
				32745A081B876D2F00DBFD27 /* MeshIO.cpp */,
				32745A091B876D2F00DBFD27 /* MeshIO.h */,
				324420F81B8683590017FD81 /* BoundingBox.cpp */,
				324420F91B8683590017FD81 /* BoundingBox.h */,
				324420FB1B8695120017FD81 /* Bvh.cpp */,
				324420FC1B8695120017FD81 /* Bvh.h */,
			);
			name = bvh;
			sourceTree = "<group>";
		};
/* End PBXGroup section */

/* Begin PBXNativeTarget section */
		324420D71B8679850017FD81 /* bvh */ = {
			isa = PBXNativeTarget;
			buildConfigurationList = 324420DF1B8679850017FD81 /* Build configuration list for PBXNativeTarget "bvh" */;
			buildPhases = (
				324420D41B8679850017FD81 /* Sources */,
				324420D51B8679850017FD81 /* Frameworks */,
				324420D61B8679850017FD81 /* CopyFiles */,
			);
			buildRules = (
			);
			dependencies = (
			);
			name = bvh;
			productName = bvh;
			productReference = 324420D81B8679850017FD81 /* bvh */;
			productType = "com.apple.product-type.tool";
		};
/* End PBXNativeTarget section */

/* Begin PBXProject section */
		324420D01B8679850017FD81 /* Project object */ = {
			isa = PBXProject;
			attributes = {
				LastUpgradeCheck = 0640;
				ORGANIZATIONNAME = "Rohan Sawhney";
				TargetAttributes = {
					324420D71B8679850017FD81 = {
						CreatedOnToolsVersion = 6.4;
					};
				};
			};
			buildConfigurationList = 324420D31B8679850017FD81 /* Build configuration list for PBXProject "bvh" */;
			compatibilityVersion = "Xcode 3.2";
			developmentRegion = English;
			hasScannedForEncodings = 0;
			knownRegions = (
				en,
			);
			mainGroup = 324420CF1B8679850017FD81;
			productRefGroup = 324420D91B8679850017FD81 /* Products */;
			projectDirPath = "";
			projectRoot = "";
			targets = (
				324420D71B8679850017FD81 /* bvh */,
			);
		};
/* End PBXProject section */

/* Begin PBXSourcesBuildPhase section */
		324420D41B8679850017FD81 /* Sources */ = {
			isa = PBXSourcesBuildPhase;
			buildActionMask = 2147483647;
			files = (
				32745A141B876D3700DBFD27 /* ZFighter.cpp in Sources */,
				32745A131B876D3700DBFD27 /* Vertex.cpp in Sources */,
				32745A0A1B876D2F00DBFD27 /* Face.cpp in Sources */,
				324420FD1B8695120017FD81 /* Bvh.cpp in Sources */,
				32745A0B1B876D2F00DBFD27 /* main.cpp in Sources */,
				324420FA1B8683590017FD81 /* BoundingBox.cpp in Sources */,
				32745A0D1B876D2F00DBFD27 /* MeshIO.cpp in Sources */,
				32745A0C1B876D2F00DBFD27 /* Mesh.cpp in Sources */,
			);
			runOnlyForDeploymentPostprocessing = 0;
		};
/* End PBXSourcesBuildPhase section */

/* Begin XCBuildConfiguration section */
		324420DD1B8679850017FD81 /* Debug */ = {
			isa = XCBuildConfiguration;
			buildSettings = {
				ALWAYS_SEARCH_USER_PATHS = NO;
				CLANG_CXX_LANGUAGE_STANDARD = "gnu++0x";
				CLANG_CXX_LIBRARY = "libc++";
				CLANG_ENABLE_MODULES = YES;
				CLANG_ENABLE_OBJC_ARC = YES;
				CLANG_WARN_BOOL_CONVERSION = YES;
				CLANG_WARN_CONSTANT_CONVERSION = YES;
				CLANG_WARN_DIRECT_OBJC_ISA_USAGE = YES_ERROR;
				CLANG_WARN_EMPTY_BODY = YES;
				CLANG_WARN_ENUM_CONVERSION = YES;
				CLANG_WARN_INT_CONVERSION = YES;
				CLANG_WARN_OBJC_ROOT_CLASS = YES_ERROR;
				CLANG_WARN_UNREACHABLE_CODE = YES;
				CLANG_WARN__DUPLICATE_METHOD_MATCH = YES;
				COPY_PHASE_STRIP = NO;
				DEBUG_INFORMATION_FORMAT = dwarf;
				ENABLE_STRICT_OBJC_MSGSEND = YES;
				GCC_C_LANGUAGE_STANDARD = gnu99;
				GCC_DYNAMIC_NO_PIC = NO;
				GCC_NO_COMMON_BLOCKS = YES;
				GCC_OPTIMIZATION_LEVEL = 0;
				GCC_PREPROCESSOR_DEFINITIONS = (
					"DEBUG=1",
					"$(inherited)",
				);
				GCC_SYMBOLS_PRIVATE_EXTERN = NO;
				GCC_WARN_64_TO_32_BIT_CONVERSION = YES;
				GCC_WARN_ABOUT_RETURN_TYPE = YES_ERROR;
				GCC_WARN_UNDECLARED_SELECTOR = YES;
				GCC_WARN_UNINITIALIZED_AUTOS = YES_AGGRESSIVE;
				GCC_WARN_UNUSED_FUNCTION = YES;
				GCC_WARN_UNUSED_VARIABLE = YES;
				MACOSX_DEPLOYMENT_TARGET = 10.10;
				MTL_ENABLE_DEBUG_INFO = YES;
				ONLY_ACTIVE_ARCH = YES;
				SDKROOT = macosx;
			};
			name = Debug;
		};
		324420DE1B8679850017FD81 /* Release */ = {
			isa = XCBuildConfiguration;
			buildSettings = {
				ALWAYS_SEARCH_USER_PATHS = NO;
				CLANG_CXX_LANGUAGE_STANDARD = "gnu++0x";
				CLANG_CXX_LIBRARY = "libc++";
				CLANG_ENABLE_MODULES = YES;
				CLANG_ENABLE_OBJC_ARC = YES;
				CLANG_WARN_BOOL_CONVERSION = YES;
				CLANG_WARN_CONSTANT_CONVERSION = YES;
				CLANG_WARN_DIRECT_OBJC_ISA_USAGE = YES_ERROR;
				CLANG_WARN_EMPTY_BODY = YES;
				CLANG_WARN_ENUM_CONVERSION = YES;
				CLANG_WARN_INT_CONVERSION = YES;
				CLANG_WARN_OBJC_ROOT_CLASS = YES_ERROR;
				CLANG_WARN_UNREACHABLE_CODE = YES;
				CLANG_WARN__DUPLICATE_METHOD_MATCH = YES;
				COPY_PHASE_STRIP = NO;
				DEBUG_INFORMATION_FORMAT = "dwarf-with-dsym";
				ENABLE_NS_ASSERTIONS = NO;
				ENABLE_STRICT_OBJC_MSGSEND = YES;
				GCC_C_LANGUAGE_STANDARD = gnu99;
				GCC_NO_COMMON_BLOCKS = YES;
				GCC_WARN_64_TO_32_BIT_CONVERSION = YES;
				GCC_WARN_ABOUT_RETURN_TYPE = YES_ERROR;
				GCC_WARN_UNDECLARED_SELECTOR = YES;
				GCC_WARN_UNINITIALIZED_AUTOS = YES_AGGRESSIVE;
				GCC_WARN_UNUSED_FUNCTION = YES;
				GCC_WARN_UNUSED_VARIABLE = YES;
				MACOSX_DEPLOYMENT_TARGET = 10.10;
				MTL_ENABLE_DEBUG_INFO = NO;
				SDKROOT = macosx;
			};
			name = Release;
		};
		324420E01B8679850017FD81 /* Debug */ = {
			isa = XCBuildConfiguration;
			buildSettings = {
				HEADER_SEARCH_PATHS = (
					"$(inherited)",
					/Applications/Xcode.app/Contents/Developer/Toolchains/XcodeDefault.xctoolchain/usr/include,
					/usr/local/Cellar/eigen/3.2.4/include/eigen3,
				);
				PRODUCT_NAME = "$(TARGET_NAME)";
			};
			name = Debug;
		};
		324420E11B8679850017FD81 /* Release */ = {
			isa = XCBuildConfiguration;
			buildSettings = {
				HEADER_SEARCH_PATHS = (
					"$(inherited)",
					/Applications/Xcode.app/Contents/Developer/Toolchains/XcodeDefault.xctoolchain/usr/include,
					/usr/local/Cellar/eigen/3.2.4/include/eigen3,
				);
				PRODUCT_NAME = "$(TARGET_NAME)";
			};
			name = Release;
		};
/* End XCBuildConfiguration section */

/* Begin XCConfigurationList section */
		324420D31B8679850017FD81 /* Build configuration list for PBXProject "bvh" */ = {
			isa = XCConfigurationList;
			buildConfigurations = (
				324420DD1B8679850017FD81 /* Debug */,
				324420DE1B8679850017FD81 /* Release */,
			);
			defaultConfigurationIsVisible = 0;
			defaultConfigurationName = Release;
		};
		324420DF1B8679850017FD81 /* Build configuration list for PBXNativeTarget "bvh" */ = {
			isa = XCConfigurationList;
			buildConfigurations = (
				324420E01B8679850017FD81 /* Debug */,
				324420E11B8679850017FD81 /* Release */,
			);
			defaultConfigurationIsVisible = 0;
			defaultConfigurationName = Release;
		};
/* End XCConfigurationList section */
	};
	rootObject = 324420D01B8679850017FD81 /* Project object */;
}
